
Microsoft Visual Studio Solution File, Format Version 12.00
# Visual Studio Version 17
VisualStudioVersion = 17.9.34728.123
MinimumVisualStudioVersion = 10.0.40219.1
Project("{FAE04EC0-301F-11D3-BF4B-00C04F79EFBC}") = "csharp-gestore-eventi", "csharp-gestore-eventi\csharp-gestore-eventi.csproj", "{43F0C98F-DB69-4C94-AD84-48B750FB915A}"
EndProject
Global
	GlobalSection(SolutionConfigurationPlatforms) = preSolution
		Debug|Any CPU = Debug|Any CPU
		Release|Any CPU = Release|Any CPU
	EndGlobalSection
	GlobalSection(ProjectConfigurationPlatforms) = postSolution
		{43F0C98F-DB69-4C94-AD84-48B750FB915A}.Debug|Any CPU.ActiveCfg = Debug|Any CPU
		{43F0C98F-DB69-4C94-AD84-48B750FB915A}.Debug|Any CPU.Build.0 = Debug|Any CPU
		{43F0C98F-DB69-4C94-AD84-48B750FB915A}.Release|Any CPU.ActiveCfg = Release|Any CPU
		{43F0C98F-DB69-4C94-AD84-48B750FB915A}.Release|Any CPU.Build.0 = Release|Any CPU
	EndGlobalSection
	GlobalSection(SolutionProperties) = preSolution
		HideSolutionNode = FALSE
	EndGlobalSection
	GlobalSection(ExtensibilityGlobals) = postSolution
		SolutionGuid = {2D5A511A-46B5-4E86-8870-772A46E7EEA4}
	EndGlobalSection
EndGlobal
